
Microsoft Visual Studio Solution File, Format Version 12.00
# Visual Studio 14
VisualStudioVersion = 14.0.25420.1
MinimumVisualStudioVersion = 10.0.40219.1
Project("{FAE04EC0-301F-11D3-BF4B-00C04F79EFBC}") = "BoxCalculatorTCPServer", "BoxCalculatorTCPServer\BoxCalculatorTCPServer.csproj", "{901797FA-7DED-429D-BD58-CDCC16D0EB4D}"
EndProject
Global
	GlobalSection(SolutionConfigurationPlatforms) = preSolution
		Debug|Any CPU = Debug|Any CPU
		Release|Any CPU = Release|Any CPU
	EndGlobalSection
	GlobalSection(ProjectConfigurationPlatforms) = postSolution
		{901797FA-7DED-429D-BD58-CDCC16D0EB4D}.Debug|Any CPU.ActiveCfg = Debug|Any CPU
		{901797FA-7DED-429D-BD58-CDCC16D0EB4D}.Debug|Any CPU.Build.0 = Debug|Any CPU
		{901797FA-7DED-429D-BD58-CDCC16D0EB4D}.Release|Any CPU.ActiveCfg = Release|Any CPU
		{901797FA-7DED-429D-BD58-CDCC16D0EB4D}.Release|Any CPU.Build.0 = Release|Any CPU
	EndGlobalSection
	GlobalSection(SolutionProperties) = preSolution
		HideSolutionNode = FALSE
	EndGlobalSection
EndGlobal
